// !$*UTF8*$!
{
	archiveVersion = 1;
	classes = {
	};
	objectVersion = 46;
	objects = {

/* Begin PBXBuildFile section */
		A17BC5BF1B64EC0C0033A3DB /* encode.c in Sources */ = {isa = PBXBuildFile; fileRef = A17BC5BC1B64EC0C0033A3DB /* encode.c */; };
/* End PBXBuildFile section */

/* Begin PBXCopyFilesBuildPhase section */
		A17BC5AE1B64EBDD0033A3DB /* CopyFiles */ = {
			isa = PBXCopyFilesBuildPhase;
			buildActionMask = 2147483647;
			dstPath = /usr/share/man/man1/;
			dstSubfolderSpec = 0;
			files = (
			);
			runOnlyForDeploymentPostprocessing = 1;
		};
/* End PBXCopyFilesBuildPhase section */

/* Begin PBXFileReference section */
		A17BC5B01B64EBDD0033A3DB /* CaesarCode */ = {isa = PBXFileReference; explicitFileType = "compiled.mach-o.executable"; includeInIndex = 0; path = CaesarCode; sourceTree = BUILT_PRODUCTS_DIR; };
		A17BC5BC1B64EC0C0033A3DB /* encode.c */ = {isa = PBXFileReference; fileEncoding = 4; lastKnownFileType = sourcecode.c.c; name = encode.c; path = ../../encode.c; sourceTree = "<group>"; };
		A17BC5BD1B64EC0C0033A3DB /* encode.h */ = {isa = PBXFileReference; fileEncoding = 4; lastKnownFileType = sourcecode.c.h; name = encode.h; path = ../../encode.h; sourceTree = "<group>"; };
/* End PBXFileReference section */

/* Begin PBXFrameworksBuildPhase section */
		A17BC5AD1B64EBDD0033A3DB /* Frameworks */ = {
			isa = PBXFrameworksBuildPhase;
			buildActionMask = 2147483647;
			files = (
			);
			runOnlyForDeploymentPostprocessing = 0;
		};
/* End PBXFrameworksBuildPhase section */

/* Begin PBXGroup section */
		A17BC5A71B64EBDD0033A3DB = {
			isa = PBXGroup;
			children = (
				A17BC5B21B64EBDD0033A3DB /* CaesarCode */,
				A17BC5B11B64EBDD0033A3DB /* Products */,
			);
			sourceTree = "<group>";
		};
		A17BC5B11B64EBDD0033A3DB /* Products */ = {
			isa = PBXGroup;
			children = (
				A17BC5B01B64EBDD0033A3DB /* CaesarCode */,
			);
			name = Products;
			sourceTree = "<group>";
		};
		A17BC5B21B64EBDD0033A3DB /* CaesarCode */ = {
			isa = PBXGroup;
			children = (
				A17BC5BC1B64EC0C0033A3DB /* encode.c */,
				A17BC5BD1B64EC0C0033A3DB /* encode.h */,
			);
			path = CaesarCode;
			sourceTree = "<group>";
		};
/* End PBXGroup section */

/* Begin PBXNativeTarget section */
		A17BC5AF1B64EBDD0033A3DB /* CaesarCode */ = {
			isa = PBXNativeTarget;
			buildConfigurationList = A17BC5B71B64EBDD0033A3DB /* Build configuration list for PBXNativeTarget "CaesarCode" */;
			buildPhases = (
				A17BC5AC1B64EBDD0033A3DB /* Sources */,
				A17BC5AD1B64EBDD0033A3DB /* Frameworks */,
				A17BC5AE1B64EBDD0033A3DB /* CopyFiles */,
			);
			buildRules = (
			);
			dependencies = (
			);
			name = CaesarCode;
			productName = CaesarCode;
			productReference = A17BC5B01B64EBDD0033A3DB /* CaesarCode */;
			productType = "com.apple.product-type.tool";
		};
/* End PBXNativeTarget section */

/* Begin PBXProject section */
		A17BC5A81B64EBDD0033A3DB /* Project object */ = {
			isa = PBXProject;
			attributes = {
				LastUpgradeCheck = 0640;
				ORGANIZATIONNAME = Pauline;
				TargetAttributes = {
					A17BC5AF1B64EBDD0033A3DB = {
						CreatedOnToolsVersion = 6.4;
					};
				};
			};
			buildConfigurationList = A17BC5AB1B64EBDD0033A3DB /* Build configuration list for PBXProject "CaesarCode" */;
			compatibilityVersion = "Xcode 3.2";
			developmentRegion = English;
			hasScannedForEncodings = 0;
			knownRegions = (
				en,
			);
			mainGroup = A17BC5A71B64EBDD0033A3DB;
			productRefGroup = A17BC5B11B64EBDD0033A3DB /* Products */;
			projectDirPath = "";
			projectRoot = "";
			targets = (
				A17BC5AF1B64EBDD0033A3DB /* CaesarCode */,
			);
		};
/* End PBXProject section */

/* Begin PBXSourcesBuildPhase section */
		A17BC5AC1B64EBDD0033A3DB /* Sources */ = {
			isa = PBXSourcesBuildPhase;
			buildActionMask = 2147483647;
			files = (
				A17BC5BF1B64EC0C0033A3DB /* encode.c in Sources */,
			);
			runOnlyForDeploymentPostprocessing = 0;
		};
/* End PBXSourcesBuildPhase section */

/* Begin XCBuildConfiguration section */
		A17BC5B51B64EBDD0033A3DB /* Debug */ = {
			isa = XCBuildConfiguration;
			buildSettings = {
				ALWAYS_SEARCH_USER_PATHS = NO;
				CLANG_CXX_LANGUAGE_STANDARD = "gnu++0x";
				CLANG_CXX_LIBRARY = "libc++";
				CLANG_ENABLE_MODULES = YES;
				CLANG_ENABLE_OBJC_ARC = YES;
				CLANG_WARN_BOOL_CONVERSION = YES;
				CLANG_WARN_CONSTANT_CONVERSION = YES;
				CLANG_WARN_DIRECT_OBJC_ISA_USAGE = YES_ERROR;
				CLANG_WARN_EMPTY_BODY = YES;
				CLANG_WARN_ENUM_CONVERSION = YES;
				CLANG_WARN_INT_CONVERSION = YES;
				CLANG_WARN_OBJC_ROOT_CLASS = YES_ERROR;
				CLANG_WARN_UNREACHABLE_CODE = YES;
				CLANG_WARN__DUPLICATE_METHOD_MATCH = YES;
				COPY_PHASE_STRIP = NO;
				DEBUG_INFORMATION_FORMAT = dwarf;
				ENABLE_STRICT_OBJC_MSGSEND = YES;
				GCC_C_LANGUAGE_STANDARD = gnu99;
				GCC_DYNAMIC_NO_PIC = NO;
				GCC_NO_COMMON_BLOCKS = YES;
				GCC_OPTIMIZATION_LEVEL = 0;
				GCC_PREPROCESSOR_DEFINITIONS = (
					"DEBUG=1",
					"$(inherited)",
				);
				GCC_SYMBOLS_PRIVATE_EXTERN = NO;
				GCC_WARN_64_TO_32_BIT_CONVERSION = YES;
				GCC_WARN_ABOUT_RETURN_TYPE = YES_ERROR;
				GCC_WARN_UNDECLARED_SELECTOR = YES;
				GCC_WARN_UNINITIALIZED_AUTOS = YES_AGGRESSIVE;
				GCC_WARN_UNUSED_FUNCTION = YES;
				GCC_WARN_UNUSED_VARIABLE = YES;
				MACOSX_DEPLOYMENT_TARGET = 10.10;
				MTL_ENABLE_DEBUG_INFO = YES;
				ONLY_ACTIVE_ARCH = YES;
				SDKROOT = macosx;
			};
			name = Debug;
		};
		A17BC5B61B64EBDD0033A3DB /* Release */ = {
			isa = XCBuildConfiguration;
			buildSettings = {
				ALWAYS_SEARCH_USER_PATHS = NO;
				CLANG_CXX_LANGUAGE_STANDARD = "gnu++0x";
				CLANG_CXX_LIBRARY = "libc++";
				CLANG_ENABLE_MODULES = YES;
				CLANG_ENABLE_OBJC_ARC = YES;
				CLANG_WARN_BOOL_CONVERSION = YES;
				CLANG_WARN_CONSTANT_CONVERSION = YES;
				CLANG_WARN_DIRECT_OBJC_ISA_USAGE = YES_ERROR;
				CLANG_WARN_EMPTY_BODY = YES;
				CLANG_WARN_ENUM_CONVERSION = YES;
				CLANG_WARN_INT_CONVERSION = YES;
				CLANG_WARN_OBJC_ROOT_CLASS = YES_ERROR;
				CLANG_WARN_UNREACHABLE_CODE = YES;
				CLANG_WARN__DUPLICATE_METHOD_MATCH = YES;
				COPY_PHASE_STRIP = NO;
				DEBUG_INFORMATION_FORMAT = "dwarf-with-dsym";
				ENABLE_NS_ASSERTIONS = NO;
				ENABLE_STRICT_OBJC_MSGSEND = YES;
				GCC_C_LANGUAGE_STANDARD = gnu99;
				GCC_NO_COMMON_BLOCKS = YES;
				GCC_WARN_64_TO_32_BIT_CONVERSION = YES;
				GCC_WARN_ABOUT_RETURN_TYPE = YES_ERROR;
				GCC_WARN_UNDECLARED_SELECTOR = YES;
				GCC_WARN_UNINITIALIZED_AUTOS = YES_AGGRESSIVE;
				GCC_WARN_UNUSED_FUNCTION = YES;
				GCC_WARN_UNUSED_VARIABLE = YES;
				MACOSX_DEPLOYMENT_TARGET = 10.10;
				MTL_ENABLE_DEBUG_INFO = NO;
				SDKROOT = macosx;
			};
			name = Release;
		};
		A17BC5B81B64EBDD0033A3DB /* Debug */ = {
			isa = XCBuildConfiguration;
			buildSettings = {
				PRODUCT_NAME = "$(TARGET_NAME)";
			};
			name = Debug;
		};
		A17BC5B91B64EBDD0033A3DB /* Release */ = {
			isa = XCBuildConfiguration;
			buildSettings = {
				PRODUCT_NAME = "$(TARGET_NAME)";
			};
			name = Release;
		};
/* End XCBuildConfiguration section */

/* Begin XCConfigurationList section */
		A17BC5AB1B64EBDD0033A3DB /* Build configuration list for PBXProject "CaesarCode" */ = {
			isa = XCConfigurationList;
			buildConfigurations = (
				A17BC5B51B64EBDD0033A3DB /* Debug */,
				A17BC5B61B64EBDD0033A3DB /* Release */,
			);
			defaultConfigurationIsVisible = 0;
			defaultConfigurationName = Release;
		};
		A17BC5B71B64EBDD0033A3DB /* Build configuration list for PBXNativeTarget "CaesarCode" */ = {
			isa = XCConfigurationList;
			buildConfigurations = (
				A17BC5B81B64EBDD0033A3DB /* Debug */,
				A17BC5B91B64EBDD0033A3DB /* Release */,
			);
			defaultConfigurationIsVisible = 0;
		};
/* End XCConfigurationList section */
	};
	rootObject = A17BC5A81B64EBDD0033A3DB /* Project object */;
}
